// !$*UTF8*$!
{
	archiveVersion = 1;
	classes = {
	};
	objectVersion = 46;
	objects = {

/* Begin PBXBuildFile section */
		2CCC1210173C831600857E89 /* main.cpp in Sources */ = {isa = PBXBuildFile; fileRef = 2CCC120F173C831600857E89 /* main.cpp */; };
		2CCC1212173C831600857E89 /* cspp51050_lab2.1 in CopyFiles */ = {isa = PBXBuildFile; fileRef = 2CCC1211173C831600857E89 /* cspp51050_lab2.1 */; };
		2CCC121A173CAC3A00857E89 /* ClientProxy.cpp in Sources */ = {isa = PBXBuildFile; fileRef = 2CCC1218173CAC3900857E89 /* ClientProxy.cpp */; };
		2CCC121D173CAC4300857E89 /* Client.cpp in Sources */ = {isa = PBXBuildFile; fileRef = 2CCC121B173CAC4300857E89 /* Client.cpp */; };
		2CCC1220173CAC4900857E89 /* Server.cpp in Sources */ = {isa = PBXBuildFile; fileRef = 2CCC121E173CAC4900857E89 /* Server.cpp */; };
		2CCC1223173CAC4F00857E89 /* ServerProxy.cpp in Sources */ = {isa = PBXBuildFile; fileRef = 2CCC1221173CAC4F00857E89 /* ServerProxy.cpp */; };
		2CCC1226173CAC5600857E89 /* Broker.cpp in Sources */ = {isa = PBXBuildFile; fileRef = 2CCC1224173CAC5600857E89 /* Broker.cpp */; };
		2CCC12441741843500857E89 /* CallMessage.cpp in Sources */ = {isa = PBXBuildFile; fileRef = 2CCC12421741843500857E89 /* CallMessage.cpp */; };
/* End PBXBuildFile section */

/* Begin PBXCopyFilesBuildPhase section */
		2CCC120A173C831600857E89 /* CopyFiles */ = {
			isa = PBXCopyFilesBuildPhase;
			buildActionMask = 2147483647;
			dstPath = /usr/share/man/man1/;
			dstSubfolderSpec = 0;
			files = (
				2CCC1212173C831600857E89 /* cspp51050_lab2.1 in CopyFiles */,
			);
			runOnlyForDeploymentPostprocessing = 1;
		};
/* End PBXCopyFilesBuildPhase section */

/* Begin PBXFileReference section */
		2C37828E174322E70088C81D /* README */ = {isa = PBXFileReference; fileEncoding = 4; lastKnownFileType = text; path = README; sourceTree = "<group>"; };
		2CCC120C173C831600857E89 /* cspp51050-lab2 */ = {isa = PBXFileReference; explicitFileType = "compiled.mach-o.executable"; includeInIndex = 0; path = "cspp51050-lab2"; sourceTree = BUILT_PRODUCTS_DIR; };
		2CCC120F173C831600857E89 /* main.cpp */ = {isa = PBXFileReference; lastKnownFileType = sourcecode.cpp.cpp; path = main.cpp; sourceTree = "<group>"; };
		2CCC1211173C831600857E89 /* cspp51050_lab2.1 */ = {isa = PBXFileReference; lastKnownFileType = text.man; path = cspp51050_lab2.1; sourceTree = "<group>"; };
		2CCC1218173CAC3900857E89 /* ClientProxy.cpp */ = {isa = PBXFileReference; fileEncoding = 4; lastKnownFileType = sourcecode.cpp.cpp; path = ClientProxy.cpp; sourceTree = "<group>"; };
		2CCC1219173CAC3A00857E89 /* ClientProxy.h */ = {isa = PBXFileReference; fileEncoding = 4; lastKnownFileType = sourcecode.c.h; path = ClientProxy.h; sourceTree = "<group>"; };
		2CCC121B173CAC4300857E89 /* Client.cpp */ = {isa = PBXFileReference; fileEncoding = 4; lastKnownFileType = sourcecode.cpp.cpp; path = Client.cpp; sourceTree = "<group>"; };
		2CCC121C173CAC4300857E89 /* Client.h */ = {isa = PBXFileReference; fileEncoding = 4; lastKnownFileType = sourcecode.c.h; path = Client.h; sourceTree = "<group>"; };
		2CCC121E173CAC4900857E89 /* Server.cpp */ = {isa = PBXFileReference; fileEncoding = 4; lastKnownFileType = sourcecode.cpp.cpp; path = Server.cpp; sourceTree = "<group>"; };
		2CCC121F173CAC4900857E89 /* Server.h */ = {isa = PBXFileReference; fileEncoding = 4; lastKnownFileType = sourcecode.c.h; path = Server.h; sourceTree = "<group>"; };
		2CCC1221173CAC4F00857E89 /* ServerProxy.cpp */ = {isa = PBXFileReference; fileEncoding = 4; lastKnownFileType = sourcecode.cpp.cpp; path = ServerProxy.cpp; sourceTree = "<group>"; };
		2CCC1222173CAC4F00857E89 /* ServerProxy.h */ = {isa = PBXFileReference; fileEncoding = 4; lastKnownFileType = sourcecode.c.h; path = ServerProxy.h; sourceTree = "<group>"; };
		2CCC1224173CAC5600857E89 /* Broker.cpp */ = {isa = PBXFileReference; fileEncoding = 4; lastKnownFileType = sourcecode.cpp.cpp; path = Broker.cpp; sourceTree = "<group>"; };
		2CCC1225173CAC5600857E89 /* Broker.h */ = {isa = PBXFileReference; fileEncoding = 4; lastKnownFileType = sourcecode.c.h; path = Broker.h; sourceTree = "<group>"; };
		2CCC12421741843500857E89 /* CallMessage.cpp */ = {isa = PBXFileReference; fileEncoding = 4; lastKnownFileType = sourcecode.cpp.cpp; path = CallMessage.cpp; sourceTree = "<group>"; };
		2CCC12431741843500857E89 /* CallMessage.h */ = {isa = PBXFileReference; fileEncoding = 4; lastKnownFileType = sourcecode.c.h; path = CallMessage.h; sourceTree = "<group>"; };
/* End PBXFileReference section */

/* Begin PBXFrameworksBuildPhase section */
		2CCC1209173C831600857E89 /* Frameworks */ = {
			isa = PBXFrameworksBuildPhase;
			buildActionMask = 2147483647;
			files = (
			);
			runOnlyForDeploymentPostprocessing = 0;
		};
/* End PBXFrameworksBuildPhase section */

/* Begin PBXGroup section */
		2CCC1203173C831600857E89 = {
			isa = PBXGroup;
			children = (
				2CCC120E173C831600857E89 /* cspp51050-lab2 */,
				2CCC120D173C831600857E89 /* Products */,
			);
			sourceTree = "<group>";
		};
		2CCC120D173C831600857E89 /* Products */ = {
			isa = PBXGroup;
			children = (
				2CCC120C173C831600857E89 /* cspp51050-lab2 */,
			);
			name = Products;
			sourceTree = "<group>";
		};
		2CCC120E173C831600857E89 /* cspp51050-lab2 */ = {
			isa = PBXGroup;
			children = (
				2CCC1224173CAC5600857E89 /* Broker.cpp */,
				2CCC1225173CAC5600857E89 /* Broker.h */,
				2CCC12421741843500857E89 /* CallMessage.cpp */,
				2CCC12431741843500857E89 /* CallMessage.h */,
				2CCC121B173CAC4300857E89 /* Client.cpp */,
				2CCC121C173CAC4300857E89 /* Client.h */,
				2CCC1218173CAC3900857E89 /* ClientProxy.cpp */,
				2CCC1219173CAC3A00857E89 /* ClientProxy.h */,
				2CCC1211173C831600857E89 /* cspp51050_lab2.1 */,
				2CCC120F173C831600857E89 /* main.cpp */,
				2CCC121E173CAC4900857E89 /* Server.cpp */,
				2CCC121F173CAC4900857E89 /* Server.h */,
				2CCC1221173CAC4F00857E89 /* ServerProxy.cpp */,
				2CCC1222173CAC4F00857E89 /* ServerProxy.h */,
				2C37828E174322E70088C81D /* README */,
			);
			path = "cspp51050-lab2";
			sourceTree = "<group>";
		};
/* End PBXGroup section */

/* Begin PBXNativeTarget section */
		2CCC120B173C831600857E89 /* cspp51050-lab2 */ = {
			isa = PBXNativeTarget;
			buildConfigurationList = 2CCC1215173C831600857E89 /* Build configuration list for PBXNativeTarget "cspp51050-lab2" */;
			buildPhases = (
				2CCC1208173C831600857E89 /* Sources */,
				2CCC1209173C831600857E89 /* Frameworks */,
				2CCC120A173C831600857E89 /* CopyFiles */,
			);
			buildRules = (
			);
			dependencies = (
			);
			name = "cspp51050-lab2";
			productName = "cspp51050-lab2";
			productReference = 2CCC120C173C831600857E89 /* cspp51050-lab2 */;
			productType = "com.apple.product-type.tool";
		};
/* End PBXNativeTarget section */

/* Begin PBXProject section */
		2CCC1204173C831600857E89 /* Project object */ = {
			isa = PBXProject;
			attributes = {
				LastUpgradeCheck = 0460;
				ORGANIZATIONNAME = cspp51050;
			};
			buildConfigurationList = 2CCC1207173C831600857E89 /* Build configuration list for PBXProject "cspp51050-lab2" */;
			compatibilityVersion = "Xcode 3.2";
			developmentRegion = English;
			hasScannedForEncodings = 0;
			knownRegions = (
				en,
			);
			mainGroup = 2CCC1203173C831600857E89;
			productRefGroup = 2CCC120D173C831600857E89 /* Products */;
			projectDirPath = "";
			projectRoot = "";
			targets = (
				2CCC120B173C831600857E89 /* cspp51050-lab2 */,
			);
		};
/* End PBXProject section */

/* Begin PBXSourcesBuildPhase section */
		2CCC1208173C831600857E89 /* Sources */ = {
			isa = PBXSourcesBuildPhase;
			buildActionMask = 2147483647;
			files = (
				2CCC1210173C831600857E89 /* main.cpp in Sources */,
				2CCC121A173CAC3A00857E89 /* ClientProxy.cpp in Sources */,
				2CCC121D173CAC4300857E89 /* Client.cpp in Sources */,
				2CCC1220173CAC4900857E89 /* Server.cpp in Sources */,
				2CCC1223173CAC4F00857E89 /* ServerProxy.cpp in Sources */,
				2CCC1226173CAC5600857E89 /* Broker.cpp in Sources */,
				2CCC12441741843500857E89 /* CallMessage.cpp in Sources */,
			);
			runOnlyForDeploymentPostprocessing = 0;
		};
/* End PBXSourcesBuildPhase section */

/* Begin XCBuildConfiguration section */
		2CCC1213173C831600857E89 /* Debug */ = {
			isa = XCBuildConfiguration;
			buildSettings = {
				ALWAYS_SEARCH_USER_PATHS = NO;
				ARCHS = "$(ARCHS_STANDARD_64_BIT)";
				CLANG_CXX_LANGUAGE_STANDARD = "gnu++0x";
				CLANG_CXX_LIBRARY = "libc++";
				CLANG_WARN_CONSTANT_CONVERSION = YES;
				CLANG_WARN_EMPTY_BODY = YES;
				CLANG_WARN_ENUM_CONVERSION = YES;
				CLANG_WARN_INT_CONVERSION = YES;
				CLANG_WARN__DUPLICATE_METHOD_MATCH = YES;
				COPY_PHASE_STRIP = NO;
				GCC_C_LANGUAGE_STANDARD = gnu99;
				GCC_DYNAMIC_NO_PIC = NO;
				GCC_ENABLE_OBJC_EXCEPTIONS = YES;
				GCC_OPTIMIZATION_LEVEL = 0;
				GCC_PREPROCESSOR_DEFINITIONS = (
					"DEBUG=1",
					"$(inherited)",
				);
				GCC_SYMBOLS_PRIVATE_EXTERN = NO;
				GCC_WARN_64_TO_32_BIT_CONVERSION = YES;
				GCC_WARN_ABOUT_RETURN_TYPE = YES;
				GCC_WARN_UNINITIALIZED_AUTOS = YES;
				GCC_WARN_UNUSED_VARIABLE = YES;
				MACOSX_DEPLOYMENT_TARGET = 10.8;
				ONLY_ACTIVE_ARCH = YES;
				SDKROOT = macosx;
			};
			name = Debug;
		};
		2CCC1214173C831600857E89 /* Release */ = {
			isa = XCBuildConfiguration;
			buildSettings = {
				ALWAYS_SEARCH_USER_PATHS = NO;
				ARCHS = "$(ARCHS_STANDARD_64_BIT)";
				CLANG_CXX_LANGUAGE_STANDARD = "gnu++0x";
				CLANG_CXX_LIBRARY = "libc++";
				CLANG_WARN_CONSTANT_CONVERSION = YES;
				CLANG_WARN_EMPTY_BODY = YES;
				CLANG_WARN_ENUM_CONVERSION = YES;
				CLANG_WARN_INT_CONVERSION = YES;
				CLANG_WARN__DUPLICATE_METHOD_MATCH = YES;
				COPY_PHASE_STRIP = YES;
				DEBUG_INFORMATION_FORMAT = "dwarf-with-dsym";
				GCC_C_LANGUAGE_STANDARD = gnu99;
				GCC_ENABLE_OBJC_EXCEPTIONS = YES;
				GCC_WARN_64_TO_32_BIT_CONVERSION = YES;
				GCC_WARN_ABOUT_RETURN_TYPE = YES;
				GCC_WARN_UNINITIALIZED_AUTOS = YES;
				GCC_WARN_UNUSED_VARIABLE = YES;
				MACOSX_DEPLOYMENT_TARGET = 10.8;
				SDKROOT = macosx;
			};
			name = Release;
		};
		2CCC1216173C831600857E89 /* Debug */ = {
			isa = XCBuildConfiguration;
			buildSettings = {
				PRODUCT_NAME = "$(TARGET_NAME)";
			};
			name = Debug;
		};
		2CCC1217173C831600857E89 /* Release */ = {
			isa = XCBuildConfiguration;
			buildSettings = {
				PRODUCT_NAME = "$(TARGET_NAME)";
			};
			name = Release;
		};
/* End XCBuildConfiguration section */

/* Begin XCConfigurationList section */
		2CCC1207173C831600857E89 /* Build configuration list for PBXProject "cspp51050-lab2" */ = {
			isa = XCConfigurationList;
			buildConfigurations = (
				2CCC1213173C831600857E89 /* Debug */,
				2CCC1214173C831600857E89 /* Release */,
			);
			defaultConfigurationIsVisible = 0;
			defaultConfigurationName = Release;
		};
		2CCC1215173C831600857E89 /* Build configuration list for PBXNativeTarget "cspp51050-lab2" */ = {
			isa = XCConfigurationList;
			buildConfigurations = (
				2CCC1216173C831600857E89 /* Debug */,
				2CCC1217173C831600857E89 /* Release */,
			);
			defaultConfigurationIsVisible = 0;
			defaultConfigurationName = Release;
		};
/* End XCConfigurationList section */
	};
	rootObject = 2CCC1204173C831600857E89 /* Project object */;
}
